# THIS IS AN AUTOGENERATED FILE. DO NOT EDIT THIS FILE DIRECTLY.
# yarn lockfile v1


"@micburks/jspm-loader@^1.0.0":
  version "1.0.0"
  resolved "https://unpm.uberinternal.com/@micburks%2fjspm-loader/-/jspm-loader-1.0.0.tgz#55920101032472ac07adbb75de4e91c66dd3b5b7"
  integrity sha1-VZIBAQMkcqwHrbt13k6Rxm3Ttbc=
